
Microsoft Visual Studio Solution File, Format Version 12.00
# Visual Studio Version 17
VisualStudioVersion = 17.9.34728.123
MinimumVisualStudioVersion = 10.0.40219.1
Project("{FAE04EC0-301F-11D3-BF4B-00C04F79EFBC}") = "MvcCoreAWSS3", "MvcCoreAWSS3\MvcCoreAWSS3.csproj", "{C82EF394-EA9F-45A7-9F64-78106BDF7CF3}"
EndProject
Global
	GlobalSection(SolutionConfigurationPlatforms) = preSolution
		Debug|Any CPU = Debug|Any CPU
		Release|Any CPU = Release|Any CPU
	EndGlobalSection
	GlobalSection(ProjectConfigurationPlatforms) = postSolution
		{C82EF394-EA9F-45A7-9F64-78106BDF7CF3}.Debug|Any CPU.ActiveCfg = Debug|Any CPU
		{C82EF394-EA9F-45A7-9F64-78106BDF7CF3}.Debug|Any CPU.Build.0 = Debug|Any CPU
		{C82EF394-EA9F-45A7-9F64-78106BDF7CF3}.Release|Any CPU.ActiveCfg = Release|Any CPU
		{C82EF394-EA9F-45A7-9F64-78106BDF7CF3}.Release|Any CPU.Build.0 = Release|Any CPU
	EndGlobalSection
	GlobalSection(SolutionProperties) = preSolution
		HideSolutionNode = FALSE
	EndGlobalSection
	GlobalSection(ExtensibilityGlobals) = postSolution
		SolutionGuid = {A201B3DA-13EF-4A95-B5C9-0E7258739F61}
	EndGlobalSection
EndGlobal
